
Microsoft Visual Studio Solution File, Format Version 12.00
# Visual Studio Version 16
VisualStudioVersion = 16.0.31105.61
MinimumVisualStudioVersion = 10.0.40219.1
Project("{FAE04EC0-301F-11D3-BF4B-00C04F79EFBC}") = "VUY9FY_HFT_2021221.Client", "VUY9FY_HFT_2021221\VUY9FY_HFT_2021221.Client.csproj", "{20C966C9-FD66-4E08-9E3C-DB7161C637E8}"
EndProject
Project("{FAE04EC0-301F-11D3-BF4B-00C04F79EFBC}") = "VUY9FY_HFT_2021221.Models", "VUY9FY_HFT_2021221.Models\VUY9FY_HFT_2021221.Models.csproj", "{BFFA4737-3A20-4601-9942-11BBB21E85F4}"
EndProject
Project("{FAE04EC0-301F-11D3-BF4B-00C04F79EFBC}") = "VUY9FY_HFT_2021221.Data", "VUY9FY_HFT_2021221.Data\VUY9FY_HFT_2021221.Data.csproj", "{C919A826-CB1F-48A3-86FB-898ADD4B841F}"
EndProject
Project("{FAE04EC0-301F-11D3-BF4B-00C04F79EFBC}") = "VUY9FY_HFT_2021221.Logic", "VUY9FY_HFT_2021221.Logic\VUY9FY_HFT_2021221.Logic.csproj", "{10CE6150-C61D-426E-8CFE-BC19C4681F6F}"
EndProject
Project("{FAE04EC0-301F-11D3-BF4B-00C04F79EFBC}") = "VUY9FY_HFT_2021221.Repository", "VUY9FY_HFT_2021221.Repository\VUY9FY_HFT_2021221.Repository.csproj", "{5ACCC5B6-A069-45CF-95BC-39958AFF799D}"
EndProject
Project("{FAE04EC0-301F-11D3-BF4B-00C04F79EFBC}") = "VUY9FY_HFT_2021221.Endpoint", "VUY9FY_HFT_2021221.Endpoint\VUY9FY_HFT_2021221.Endpoint.csproj", "{B0C33951-FA2D-4D22-9655-3615F63378E0}"
EndProject
Project("{FAE04EC0-301F-11D3-BF4B-00C04F79EFBC}") = "VUY9FY_HFT_2021221.Test", "VUY9FY_HFT_2021221.Test\VUY9FY_HFT_2021221.Test.csproj", "{EA340A0F-A916-405B-AAFB-E2C72A750710}"
EndProject
Project("{2150E333-8FDC-42A3-9474-1A3956D46DE8}") = "Backend", "Backend", "{AF28E34A-35BE-4BFB-9375-CCD0932A623E}"
EndProject
Project("{2150E333-8FDC-42A3-9474-1A3956D46DE8}") = "Frontend", "Frontend", "{CC31BBD1-3078-4B28-8E34-4DEBB2B5CA25}"
EndProject
Project("{2150E333-8FDC-42A3-9474-1A3956D46DE8}") = "Shared", "Shared", "{E6BAFDF1-55E2-4037-A097-DCB0FB0BF3B0}"
EndProject
Global
	GlobalSection(SolutionConfigurationPlatforms) = preSolution
		Debug|Any CPU = Debug|Any CPU
		Release|Any CPU = Release|Any CPU
	EndGlobalSection
	GlobalSection(ProjectConfigurationPlatforms) = postSolution
		{20C966C9-FD66-4E08-9E3C-DB7161C637E8}.Debug|Any CPU.ActiveCfg = Debug|Any CPU
		{20C966C9-FD66-4E08-9E3C-DB7161C637E8}.Debug|Any CPU.Build.0 = Debug|Any CPU
		{20C966C9-FD66-4E08-9E3C-DB7161C637E8}.Release|Any CPU.ActiveCfg = Release|Any CPU
		{20C966C9-FD66-4E08-9E3C-DB7161C637E8}.Release|Any CPU.Build.0 = Release|Any CPU
		{BFFA4737-3A20-4601-9942-11BBB21E85F4}.Debug|Any CPU.ActiveCfg = Debug|Any CPU
		{BFFA4737-3A20-4601-9942-11BBB21E85F4}.Debug|Any CPU.Build.0 = Debug|Any CPU
		{BFFA4737-3A20-4601-9942-11BBB21E85F4}.Release|Any CPU.ActiveCfg = Release|Any CPU
		{BFFA4737-3A20-4601-9942-11BBB21E85F4}.Release|Any CPU.Build.0 = Release|Any CPU
		{C919A826-CB1F-48A3-86FB-898ADD4B841F}.Debug|Any CPU.ActiveCfg = Debug|Any CPU
		{C919A826-CB1F-48A3-86FB-898ADD4B841F}.Debug|Any CPU.Build.0 = Debug|Any CPU
		{C919A826-CB1F-48A3-86FB-898ADD4B841F}.Release|Any CPU.ActiveCfg = Release|Any CPU
		{C919A826-CB1F-48A3-86FB-898ADD4B841F}.Release|Any CPU.Build.0 = Release|Any CPU
		{10CE6150-C61D-426E-8CFE-BC19C4681F6F}.Debug|Any CPU.ActiveCfg = Debug|Any CPU
		{10CE6150-C61D-426E-8CFE-BC19C4681F6F}.Debug|Any CPU.Build.0 = Debug|Any CPU
		{10CE6150-C61D-426E-8CFE-BC19C4681F6F}.Release|Any CPU.ActiveCfg = Release|Any CPU
		{10CE6150-C61D-426E-8CFE-BC19C4681F6F}.Release|Any CPU.Build.0 = Release|Any CPU
		{5ACCC5B6-A069-45CF-95BC-39958AFF799D}.Debug|Any CPU.ActiveCfg = Debug|Any CPU
		{5ACCC5B6-A069-45CF-95BC-39958AFF799D}.Debug|Any CPU.Build.0 = Debug|Any CPU
		{5ACCC5B6-A069-45CF-95BC-39958AFF799D}.Release|Any CPU.ActiveCfg = Release|Any CPU
		{5ACCC5B6-A069-45CF-95BC-39958AFF799D}.Release|Any CPU.Build.0 = Release|Any CPU
		{B0C33951-FA2D-4D22-9655-3615F63378E0}.Debug|Any CPU.ActiveCfg = Debug|Any CPU
		{B0C33951-FA2D-4D22-9655-3615F63378E0}.Debug|Any CPU.Build.0 = Debug|Any CPU
		{B0C33951-FA2D-4D22-9655-3615F63378E0}.Release|Any CPU.ActiveCfg = Release|Any CPU
		{B0C33951-FA2D-4D22-9655-3615F63378E0}.Release|Any CPU.Build.0 = Release|Any CPU
		{EA340A0F-A916-405B-AAFB-E2C72A750710}.Debug|Any CPU.ActiveCfg = Debug|Any CPU
		{EA340A0F-A916-405B-AAFB-E2C72A750710}.Debug|Any CPU.Build.0 = Debug|Any CPU
		{EA340A0F-A916-405B-AAFB-E2C72A750710}.Release|Any CPU.ActiveCfg = Release|Any CPU
		{EA340A0F-A916-405B-AAFB-E2C72A750710}.Release|Any CPU.Build.0 = Release|Any CPU
	EndGlobalSection
	GlobalSection(SolutionProperties) = preSolution
		HideSolutionNode = FALSE
	EndGlobalSection
	GlobalSection(NestedProjects) = preSolution
		{20C966C9-FD66-4E08-9E3C-DB7161C637E8} = {CC31BBD1-3078-4B28-8E34-4DEBB2B5CA25}
		{BFFA4737-3A20-4601-9942-11BBB21E85F4} = {E6BAFDF1-55E2-4037-A097-DCB0FB0BF3B0}
		{C919A826-CB1F-48A3-86FB-898ADD4B841F} = {AF28E34A-35BE-4BFB-9375-CCD0932A623E}
		{10CE6150-C61D-426E-8CFE-BC19C4681F6F} = {AF28E34A-35BE-4BFB-9375-CCD0932A623E}
		{5ACCC5B6-A069-45CF-95BC-39958AFF799D} = {AF28E34A-35BE-4BFB-9375-CCD0932A623E}
		{B0C33951-FA2D-4D22-9655-3615F63378E0} = {AF28E34A-35BE-4BFB-9375-CCD0932A623E}
		{EA340A0F-A916-405B-AAFB-E2C72A750710} = {AF28E34A-35BE-4BFB-9375-CCD0932A623E}
	EndGlobalSection
	GlobalSection(ExtensibilityGlobals) = postSolution
		SolutionGuid = {4C21DB7E-644B-42EF-9A79-37F19A4E1B10}
	EndGlobalSection
EndGlobal
